
Microsoft Visual Studio Solution File, Format Version 12.00
# Visual Studio Version 16
VisualStudioVersion = 16.0.32106.194
MinimumVisualStudioVersion = 10.0.40219.1
Project("{9A19103F-16F7-4668-BE54-9A1E7A4F7556}") = "Bestiary", "Bestiary\Bestiary.csproj", "{E342A508-7D48-499F-B220-02F32168EA45}"
EndProject
Project("{9A19103F-16F7-4668-BE54-9A1E7A4F7556}") = "Bestiary.DataAccess", "Bestiary.DataAccess\Bestiary.DataAccess.csproj", "{71EB88DC-2C0E-4E13-8EE6-FEFDC12E0B7A}"
EndProject
Project("{9A19103F-16F7-4668-BE54-9A1E7A4F7556}") = "Bestiary.Domain", "Bestiary.Domain\Bestiary.Domain.csproj", "{DCA92EA4-01D5-4B82-8AAB-87570191CE87}"
EndProject
Project("{9A19103F-16F7-4668-BE54-9A1E7A4F7556}") = "Bestiary.GUI", "Bestiary.GUI\Bestiary.GUI.csproj", "{CDCFFF9A-8152-428D-BBB2-DAC93CC6FAB2}"
EndProject
Project("{FAE04EC0-301F-11D3-BF4B-00C04F79EFBC}") = "Bestiary.Tests", "Bestiary.Tests\Bestiary.Tests.csproj", "{EDE0BDC7-AA9B-4C35-B731-3C45F606CDA9}"
EndProject
Global
	GlobalSection(SolutionConfigurationPlatforms) = preSolution
		Debug|Any CPU = Debug|Any CPU
		Release|Any CPU = Release|Any CPU
	EndGlobalSection
	GlobalSection(ProjectConfigurationPlatforms) = postSolution
		{E342A508-7D48-499F-B220-02F32168EA45}.Debug|Any CPU.ActiveCfg = Debug|Any CPU
		{E342A508-7D48-499F-B220-02F32168EA45}.Debug|Any CPU.Build.0 = Debug|Any CPU
		{E342A508-7D48-499F-B220-02F32168EA45}.Release|Any CPU.ActiveCfg = Release|Any CPU
		{E342A508-7D48-499F-B220-02F32168EA45}.Release|Any CPU.Build.0 = Release|Any CPU
		{71EB88DC-2C0E-4E13-8EE6-FEFDC12E0B7A}.Debug|Any CPU.ActiveCfg = Debug|Any CPU
		{71EB88DC-2C0E-4E13-8EE6-FEFDC12E0B7A}.Debug|Any CPU.Build.0 = Debug|Any CPU
		{71EB88DC-2C0E-4E13-8EE6-FEFDC12E0B7A}.Release|Any CPU.ActiveCfg = Release|Any CPU
		{71EB88DC-2C0E-4E13-8EE6-FEFDC12E0B7A}.Release|Any CPU.Build.0 = Release|Any CPU
		{DCA92EA4-01D5-4B82-8AAB-87570191CE87}.Debug|Any CPU.ActiveCfg = Debug|Any CPU
		{DCA92EA4-01D5-4B82-8AAB-87570191CE87}.Debug|Any CPU.Build.0 = Debug|Any CPU
		{DCA92EA4-01D5-4B82-8AAB-87570191CE87}.Release|Any CPU.ActiveCfg = Release|Any CPU
		{DCA92EA4-01D5-4B82-8AAB-87570191CE87}.Release|Any CPU.Build.0 = Release|Any CPU
		{CDCFFF9A-8152-428D-BBB2-DAC93CC6FAB2}.Debug|Any CPU.ActiveCfg = Debug|Any CPU
		{CDCFFF9A-8152-428D-BBB2-DAC93CC6FAB2}.Debug|Any CPU.Build.0 = Debug|Any CPU
		{CDCFFF9A-8152-428D-BBB2-DAC93CC6FAB2}.Release|Any CPU.ActiveCfg = Release|Any CPU
		{CDCFFF9A-8152-428D-BBB2-DAC93CC6FAB2}.Release|Any CPU.Build.0 = Release|Any CPU
		{EDE0BDC7-AA9B-4C35-B731-3C45F606CDA9}.Debug|Any CPU.ActiveCfg = Debug|Any CPU
		{EDE0BDC7-AA9B-4C35-B731-3C45F606CDA9}.Debug|Any CPU.Build.0 = Debug|Any CPU
		{EDE0BDC7-AA9B-4C35-B731-3C45F606CDA9}.Release|Any CPU.ActiveCfg = Release|Any CPU
		{EDE0BDC7-AA9B-4C35-B731-3C45F606CDA9}.Release|Any CPU.Build.0 = Release|Any CPU
	EndGlobalSection
	GlobalSection(SolutionProperties) = preSolution
		HideSolutionNode = FALSE
	EndGlobalSection
	GlobalSection(ExtensibilityGlobals) = postSolution
		SolutionGuid = {ECB48842-7F39-48F3-84B4-0F7A8B0E37A0}
	EndGlobalSection
EndGlobal
